
Microsoft Visual Studio Solution File, Format Version 12.00
# Visual Studio Version 17
VisualStudioVersion = 17.5.33530.505
MinimumVisualStudioVersion = 10.0.40219.1
Project("{9A19103F-16F7-4668-BE54-9A1E7A4F7556}") = "M001", "M001\M001.csproj", "{D28DABAA-3F64-43E2-A965-74283E0038BB}"
EndProject
Project("{9A19103F-16F7-4668-BE54-9A1E7A4F7556}") = "M002", "M002\M002.csproj", "{1A5A917C-2C5E-418D-B646-5625D243EF57}"
EndProject
Project("{9A19103F-16F7-4668-BE54-9A1E7A4F7556}") = "M003", "M003\M003.csproj", "{2B75540F-190B-4BDB-9C1B-C7F7E0F675B4}"
EndProject
Project("{2150E333-8FDC-42A3-9474-1A3956D46DE8}") = "Solution Items", "Solution Items", "{DEB162C5-AEE2-49FC-9417-3DDCAF64AE27}"
	ProjectSection(SolutionItems) = preProject
		Shortcuts.txt = Shortcuts.txt
	EndProjectSection
EndProject
Project("{9A19103F-16F7-4668-BE54-9A1E7A4F7556}") = "M004", "M004\M004.csproj", "{49C14292-C0D8-4541-8B26-59399FDBD6C1}"
EndProject
Project("{9A19103F-16F7-4668-BE54-9A1E7A4F7556}") = "M005", "M005\M005.csproj", "{2DF2EA2A-DFFB-4113-A525-58EBE4D8061F}"
EndProject
Project("{9A19103F-16F7-4668-BE54-9A1E7A4F7556}") = "M006", "M006\M006.csproj", "{7EBC6842-5AB0-4CEC-8796-4AB2F4CAA4C8}"
EndProject
Project("{9A19103F-16F7-4668-BE54-9A1E7A4F7556}") = "M007", "M007\M007.csproj", "{204D8FC1-B5C9-4A49-8CAD-D0199845C1A1}"
EndProject
Project("{9A19103F-16F7-4668-BE54-9A1E7A4F7556}") = "M008", "M008\M008.csproj", "{7B1EA03F-4AE7-4D08-8DBC-B67B1F222607}"
EndProject
Project("{9A19103F-16F7-4668-BE54-9A1E7A4F7556}") = "M009", "M009\M009.csproj", "{A65F1FC2-A23C-426F-ABC4-E825BC93ACDF}"
EndProject
Project("{9A19103F-16F7-4668-BE54-9A1E7A4F7556}") = "M010", "M010\M010.csproj", "{F0D1381C-8372-424B-BA7E-15CD1BAB3C24}"
EndProject
Project("{9A19103F-16F7-4668-BE54-9A1E7A4F7556}") = "M011", "M011\M011.csproj", "{813908AA-B239-4D52-BFFF-37D74B783C62}"
EndProject
Project("{9A19103F-16F7-4668-BE54-9A1E7A4F7556}") = "M012", "M012\M012.csproj", "{8C928385-7FA7-4000-B48B-86ED9F977C23}"
EndProject
Project("{FAE04EC0-301F-11D3-BF4B-00C04F79EFBC}") = "M013", "M013\M013.csproj", "{219093BC-AB7B-471D-B0F3-2FFEB7ACBD10}"
EndProject
Project("{FAE04EC0-301F-11D3-BF4B-00C04F79EFBC}") = "M013_Tests", "M013_Tests\M013_Tests.csproj", "{5C27822A-94E2-4C71-9C2F-CD330A897D08}"
EndProject
Project("{FAE04EC0-301F-11D3-BF4B-00C04F79EFBC}") = "M014", "M014\M014.csproj", "{BB6C9234-40CD-46BC-B3F7-706DD9E0E3CA}"
EndProject
Global
	GlobalSection(SolutionConfigurationPlatforms) = preSolution
		Debug|Any CPU = Debug|Any CPU
		Release|Any CPU = Release|Any CPU
	EndGlobalSection
	GlobalSection(ProjectConfigurationPlatforms) = postSolution
		{D28DABAA-3F64-43E2-A965-74283E0038BB}.Debug|Any CPU.ActiveCfg = Debug|Any CPU
		{D28DABAA-3F64-43E2-A965-74283E0038BB}.Debug|Any CPU.Build.0 = Debug|Any CPU
		{D28DABAA-3F64-43E2-A965-74283E0038BB}.Release|Any CPU.ActiveCfg = Release|Any CPU
		{D28DABAA-3F64-43E2-A965-74283E0038BB}.Release|Any CPU.Build.0 = Release|Any CPU
		{1A5A917C-2C5E-418D-B646-5625D243EF57}.Debug|Any CPU.ActiveCfg = Debug|Any CPU
		{1A5A917C-2C5E-418D-B646-5625D243EF57}.Debug|Any CPU.Build.0 = Debug|Any CPU
		{1A5A917C-2C5E-418D-B646-5625D243EF57}.Release|Any CPU.ActiveCfg = Release|Any CPU
		{1A5A917C-2C5E-418D-B646-5625D243EF57}.Release|Any CPU.Build.0 = Release|Any CPU
		{2B75540F-190B-4BDB-9C1B-C7F7E0F675B4}.Debug|Any CPU.ActiveCfg = Debug|Any CPU
		{2B75540F-190B-4BDB-9C1B-C7F7E0F675B4}.Debug|Any CPU.Build.0 = Debug|Any CPU
		{2B75540F-190B-4BDB-9C1B-C7F7E0F675B4}.Release|Any CPU.ActiveCfg = Release|Any CPU
		{2B75540F-190B-4BDB-9C1B-C7F7E0F675B4}.Release|Any CPU.Build.0 = Release|Any CPU
		{49C14292-C0D8-4541-8B26-59399FDBD6C1}.Debug|Any CPU.ActiveCfg = Debug|Any CPU
		{49C14292-C0D8-4541-8B26-59399FDBD6C1}.Debug|Any CPU.Build.0 = Debug|Any CPU
		{49C14292-C0D8-4541-8B26-59399FDBD6C1}.Release|Any CPU.ActiveCfg = Release|Any CPU
		{49C14292-C0D8-4541-8B26-59399FDBD6C1}.Release|Any CPU.Build.0 = Release|Any CPU
		{2DF2EA2A-DFFB-4113-A525-58EBE4D8061F}.Debug|Any CPU.ActiveCfg = Debug|Any CPU
		{2DF2EA2A-DFFB-4113-A525-58EBE4D8061F}.Debug|Any CPU.Build.0 = Debug|Any CPU
		{2DF2EA2A-DFFB-4113-A525-58EBE4D8061F}.Release|Any CPU.ActiveCfg = Release|Any CPU
		{2DF2EA2A-DFFB-4113-A525-58EBE4D8061F}.Release|Any CPU.Build.0 = Release|Any CPU
		{7EBC6842-5AB0-4CEC-8796-4AB2F4CAA4C8}.Debug|Any CPU.ActiveCfg = Debug|Any CPU
		{7EBC6842-5AB0-4CEC-8796-4AB2F4CAA4C8}.Debug|Any CPU.Build.0 = Debug|Any CPU
		{7EBC6842-5AB0-4CEC-8796-4AB2F4CAA4C8}.Release|Any CPU.ActiveCfg = Release|Any CPU
		{7EBC6842-5AB0-4CEC-8796-4AB2F4CAA4C8}.Release|Any CPU.Build.0 = Release|Any CPU
		{204D8FC1-B5C9-4A49-8CAD-D0199845C1A1}.Debug|Any CPU.ActiveCfg = Debug|Any CPU
		{204D8FC1-B5C9-4A49-8CAD-D0199845C1A1}.Debug|Any CPU.Build.0 = Debug|Any CPU
		{204D8FC1-B5C9-4A49-8CAD-D0199845C1A1}.Release|Any CPU.ActiveCfg = Release|Any CPU
		{204D8FC1-B5C9-4A49-8CAD-D0199845C1A1}.Release|Any CPU.Build.0 = Release|Any CPU
		{7B1EA03F-4AE7-4D08-8DBC-B67B1F222607}.Debug|Any CPU.ActiveCfg = Debug|Any CPU
		{7B1EA03F-4AE7-4D08-8DBC-B67B1F222607}.Debug|Any CPU.Build.0 = Debug|Any CPU
		{7B1EA03F-4AE7-4D08-8DBC-B67B1F222607}.Release|Any CPU.ActiveCfg = Release|Any CPU
		{7B1EA03F-4AE7-4D08-8DBC-B67B1F222607}.Release|Any CPU.Build.0 = Release|Any CPU
		{A65F1FC2-A23C-426F-ABC4-E825BC93ACDF}.Debug|Any CPU.ActiveCfg = Debug|Any CPU
		{A65F1FC2-A23C-426F-ABC4-E825BC93ACDF}.Debug|Any CPU.Build.0 = Debug|Any CPU
		{A65F1FC2-A23C-426F-ABC4-E825BC93ACDF}.Release|Any CPU.ActiveCfg = Release|Any CPU
		{A65F1FC2-A23C-426F-ABC4-E825BC93ACDF}.Release|Any CPU.Build.0 = Release|Any CPU
		{F0D1381C-8372-424B-BA7E-15CD1BAB3C24}.Debug|Any CPU.ActiveCfg = Debug|Any CPU
		{F0D1381C-8372-424B-BA7E-15CD1BAB3C24}.Debug|Any CPU.Build.0 = Debug|Any CPU
		{F0D1381C-8372-424B-BA7E-15CD1BAB3C24}.Release|Any CPU.ActiveCfg = Release|Any CPU
		{F0D1381C-8372-424B-BA7E-15CD1BAB3C24}.Release|Any CPU.Build.0 = Release|Any CPU
		{813908AA-B239-4D52-BFFF-37D74B783C62}.Debug|Any CPU.ActiveCfg = Debug|Any CPU
		{813908AA-B239-4D52-BFFF-37D74B783C62}.Debug|Any CPU.Build.0 = Debug|Any CPU
		{813908AA-B239-4D52-BFFF-37D74B783C62}.Release|Any CPU.ActiveCfg = Release|Any CPU
		{813908AA-B239-4D52-BFFF-37D74B783C62}.Release|Any CPU.Build.0 = Release|Any CPU
		{8C928385-7FA7-4000-B48B-86ED9F977C23}.Debug|Any CPU.ActiveCfg = Debug|Any CPU
		{8C928385-7FA7-4000-B48B-86ED9F977C23}.Debug|Any CPU.Build.0 = Debug|Any CPU
		{8C928385-7FA7-4000-B48B-86ED9F977C23}.Release|Any CPU.ActiveCfg = Release|Any CPU
		{8C928385-7FA7-4000-B48B-86ED9F977C23}.Release|Any CPU.Build.0 = Release|Any CPU
		{219093BC-AB7B-471D-B0F3-2FFEB7ACBD10}.Debug|Any CPU.ActiveCfg = Debug|Any CPU
		{219093BC-AB7B-471D-B0F3-2FFEB7ACBD10}.Debug|Any CPU.Build.0 = Debug|Any CPU
		{219093BC-AB7B-471D-B0F3-2FFEB7ACBD10}.Release|Any CPU.ActiveCfg = Release|Any CPU
		{219093BC-AB7B-471D-B0F3-2FFEB7ACBD10}.Release|Any CPU.Build.0 = Release|Any CPU
		{5C27822A-94E2-4C71-9C2F-CD330A897D08}.Debug|Any CPU.ActiveCfg = Debug|Any CPU
		{5C27822A-94E2-4C71-9C2F-CD330A897D08}.Debug|Any CPU.Build.0 = Debug|Any CPU
		{5C27822A-94E2-4C71-9C2F-CD330A897D08}.Release|Any CPU.ActiveCfg = Release|Any CPU
		{5C27822A-94E2-4C71-9C2F-CD330A897D08}.Release|Any CPU.Build.0 = Release|Any CPU
		{BB6C9234-40CD-46BC-B3F7-706DD9E0E3CA}.Debug|Any CPU.ActiveCfg = Debug|Any CPU
		{BB6C9234-40CD-46BC-B3F7-706DD9E0E3CA}.Debug|Any CPU.Build.0 = Debug|Any CPU
		{BB6C9234-40CD-46BC-B3F7-706DD9E0E3CA}.Release|Any CPU.ActiveCfg = Release|Any CPU
		{BB6C9234-40CD-46BC-B3F7-706DD9E0E3CA}.Release|Any CPU.Build.0 = Release|Any CPU
	EndGlobalSection
	GlobalSection(SolutionProperties) = preSolution
		HideSolutionNode = FALSE
	EndGlobalSection
	GlobalSection(ExtensibilityGlobals) = postSolution
		SolutionGuid = {993A2D2D-65A1-46CA-AF03-B71EC6CEC631}
	EndGlobalSection
EndGlobal
